{
    "_meta": {
        "hash": {
            "sha256": "9229c434eb08af19d2f8ac608fa10a564abb6afe10a416223f21c72a40b13050"
        },
        "host-environment-markers": {
            "implementation_name": "cpython",
            "implementation_version": "3.6.3",
            "os_name": "posix",
            "platform_machine": "x86_64",
            "platform_python_implementation": "CPython",
            "platform_release": "4.13.0-16-generic",
            "platform_system": "Linux",
            "platform_version": "#19-Ubuntu SMP Wed Oct 11 18:35:14 UTC 2017",
            "python_full_version": "3.6.3",
            "python_version": "3.6",
            "sys_platform": "linux"
        },
        "pipfile-spec": 6,
        "requires": {
            "python_version": "3.6"
        },
        "sources": [
            {
                "name": "pypi",
                "url": "https://pypi.python.org/simple",
                "verify_ssl": true
            }
        ]
    },
    "default": {
        "aiohttp": {
            "hashes": [
                "sha256:cb281a30655efe939550b7dfbe8c5d6e84951caf52510528a88ae7fe483109ae",
                "sha256:7ff6173cc691a44845e10f452d52932f12b45c6d5db85f5702b17d15addda808",
                "sha256:e5c2c16ae815d883d4072f2d4542effdeae1d9a464b56bd06186d9eeca1981fe",
                "sha256:bd920a8b5da1e0ed89c1a688d1ed252ba71189ff747747d38803728a9fba17d4",
                "sha256:34dc28c31786f43dcd5a25e19da1dd8a5289d338f4ed1a1a9e5d1431ad4b79e2",
                "sha256:8b5087310db23b1976776beedab05c8aa8e490755e9f3473fc1f07aa0cbe3bb9",
                "sha256:3654f4913a6c02e742051881f94b7b8a9dfe527318e8d7a7dd2f2d8474b0c082",
                "sha256:9af1260050bb29db245d284c659e710161c45575f8fb365202551c5fd43ed1c1",
                "sha256:0589a94051aa0573b28eb5d330a0d12cee891d2ed9fd9323c9ddbe322e88fc15",
                "sha256:b3b047ecd8b899f99d669f5e22aeabcc77e78f3eb4ee985755ec49c53fcccfc2",
                "sha256:b73d90381c915c8f873da65520af3e8ac8d26e054b9bc849faa802b25623172a",
                "sha256:e698a369200b6d4e50a493cf1da4a25f5457f61afd5e7fe91b40f9859f632d1f",
                "sha256:c58ddcb3ef4dde692e98738f6b3d06650d2b2722910e4d18184530ff8d092d95",
                "sha256:0965fa5e798b7faacd6417eeb5c476aa6a7d730ba2793106e5bae610fdb043cb",
                "sha256:3979ef9071bd3c909d33cc333bde356f7063555ad8a0383e53f18dc31131b7d8",
                "sha256:85caf471c5216d615b01443293cc5ead7502053dedd804da32dd35de816a7436",
                "sha256:63de1a47530b7bf770f1ad26f342ea94babb451ae04cd3119e87cbfea1c970e5",
                "sha256:04a8c24a376bb547c0c9b6e721d6ced23062d262d24d5e63a3e383c8b49e14ef",
                "sha256:9e70efab3bfea1493f3099031e3731a6519adad62e6d3f464b429a80a6e2ff6f",
                "sha256:c7cb8d2be2f3351a28bee9deca1194e1402171c47b52f16708321ef4ce682333",
                "sha256:ab9e7ecf375387ae3d17ac25492801860f2726f541d73cf1108fa157e1da75a3",
                "sha256:42373fbdbe8f09233c17e74f53cee877bc7d5b495b4fc14c32a119255e85e736"
            ],
            "version": "==2.3.2"
        },
        "async-timeout": {
            "hashes": [
                "sha256:d3a195a827b0f4068d1616ae2da04aac62e365d14f2b13dbc071f9feed9db4e2",
                "sha256:c17d8ac2d735d59aa62737d76f2787a6c938f5a944ecf768a8c0ab70b0dea566"
            ],
            "version": "==2.0.0"
        },
        "certifi": {
            "hashes": [
                "sha256:244be0d93b71e93fc0a0a479862051414d0e00e16435707e5bf5000f92e04694",
                "sha256:5ec74291ca1136b40f0379e1128ff80e866597e4e2c1e755739a913bbc3613c0"
            ],
            "version": "==2017.11.5"
        },
        "chardet": {
            "hashes": [
                "sha256:fc323ffcaeaed0e0a02bf4d117757b98aed530d9ed4531e3e15460124c106691",
                "sha256:84ab92ed1c4d4f16916e05906b6b75a6c0fb5db821cc65e70cbd64a3e2a5eaae"
            ],
            "version": "==3.0.4"
        },
        "idna": {
            "hashes": [
                "sha256:8c7309c718f94b3a625cb648ace320157ad16ff131ae0af362c9f21b80ef6ec4",
                "sha256:2c6a5de3089009e3da7c5dde64a141dbc8551d5b7f6cf4ed7c2568d0cc520a8f"
            ],
            "version": "==2.6"
        },
        "multidict": {
            "hashes": [
                "sha256:c6f58235bb5571e40eacc03babcb64e08dd291ea7b4dec32694ee5aae36aa215",
                "sha256:6c2be0837f87b4f3132a007d0283d259985c7927ae4064907ae0404796a25268",
                "sha256:cad442b44a3ed627b062179713e637d1e99ca258965eb7f9d37bc4028c454f92",
                "sha256:34e7be13bf4133534261e3a4f8c00e0cfbf1c436140530d768e67fb23aba2c39",
                "sha256:f3644681f3e69a6036df56673ba0ace835c6d88b4872a0c0b7f30e1cabacb1af",
                "sha256:985d0646ba5ae984621e8a9247f29ddae8c78f5378b506ad89448fd07bbdabc5",
                "sha256:2512e9eb913436e7781f873a254c83c5c01263a9986fc63d9c46645c7e347acd",
                "sha256:b581f61a919caad38163aa1d2ba6d861d368f81bc808b95e4192bc16f8934e3a",
                "sha256:5d8098e499a3a7877a135c66e60b489fa2a8f5b650c36aa16d70db63dec49cb1",
                "sha256:ae19e17a45d480199f25770bced6be3d8f23defd7eb2988a7b162da70ec5d59c",
                "sha256:11f1e4b63af8f2a96b4b517bb235946aa61c807144749b2dc21d59bacb7da712",
                "sha256:461e4ec88ccb9a4a0bddd5c60b6621a5731c11ebd7dd107b7c7bd9708ea1335b",
                "sha256:a61a984d976c0f7ee392fc56c79faeeacf40df1bfed6d313959a63b2f7e14709",
                "sha256:805cd5be68cf30c479ad8eb236e091ca04025298b95093624c79da92f3589b53",
                "sha256:c1c8e1d9e6997376a7bc90795f337bda9cebef2286954434487d30618e0a5fcd",
                "sha256:aec53c2f6e48bc08fe3e68da2a24cf890b74cf3d95d9f796ee1bf459c13d9837",
                "sha256:42c4164f5e1674ba4f99ada9a02023dc2e38f3646434a43eaa1502a47b511baa",
                "sha256:336cdd64fe55344042ea72552e5c09b85632592e2aa532e58faf344a66d60c70",
                "sha256:b1451f2043af5e540cb7d1d75edb9493e0c6ffee860b6e86cc76d4280b7481de",
                "sha256:52e0c03f32df10f9f1338054dad78e7a3ff4d36f27c600441190302708653661",
                "sha256:b72486b3ad2b8444f7afebdafda8b111c1803e37203dfe81b7765298f2781778"
            ],
            "version": "==4.0.0"
        },
        "oauthlib": {
            "hashes": [
                "sha256:ce57b501e906ff4f614e71c36a3ab9eacbb96d35c24d1970d2539bbc3ec70ce1"
            ],
            "version": "==2.0.6"
        },
        "requests": {
            "hashes": [
                "sha256:6a1b267aa90cac58ac3a765d067950e7dbbf75b1da07e895d1f594193a40a38b",
                "sha256:9c443e7324ba5b85070c4a818ade28bfabedf16ea10206da1132edaa6dda237e"
            ],
            "version": "==2.18.4"
        },
        "requests-oauthlib": {
            "hashes": [
                "sha256:50a8ae2ce8273e384895972b56193c7409601a66d4975774c60c2aed869639ca",
                "sha256:883ac416757eada6d3d07054ec7092ac21c7f35cb1d2cf82faf205637081f468"
            ],
            "version": "==0.8.0"
        },
        "six": {
            "hashes": [
                "sha256:832dc0e10feb1aa2c68dcc57dbb658f1c7e65b9b61af69048abc87a2db00a0eb",
                "sha256:70e8a77beed4562e7f14fe23a786b54f6296e34344c23bc42f07b15018ff98e9"
            ],
            "version": "==1.11.0"
        },
        "telepot": {
            "hashes": [
                "sha256:171b701060aee1eb4d0301e46695fdb5824ee07f5fee725d3ceddbcc59e16daf"
            ],
            "version": "==12.5"
        },
        "tweepy": {
            "hashes": [
                "sha256:12449b5ca16b0be6a3ea68fb41992627227b48bbad8cd7d5912039340d36badc",
                "sha256:f00ccf5f48c30d559ce0b750dfe3b2df6668dc799d8ce276fd90bfaa68845a58"
            ],
            "version": "==3.5.0"
        },
        "urllib3": {
            "hashes": [
                "sha256:06330f386d6e4b195fbfc736b297f58c5a892e4440e54d294d7004e3a9bbea1b",
                "sha256:cc44da8e1145637334317feebd728bd869a35285b93cbb4cca2577da7e62db4f"
            ],
            "version": "==1.22"
        },
        "yarl": {
            "hashes": [
                "sha256:e938046ce94bcb21e4641712eee3f3c211fc1e5a4601fd89c031e638022097a3",
                "sha256:42a7fc3d31c4c5b7fb7102380e1518e5af88e3bec7e89acf1213973e880bff6f",
                "sha256:d861e697e4f1dbd614c29c7594f0dd3dbc48144f1e1f9ed8380604c7dde6cb19",
                "sha256:e2dbf932bc9519281393973187075f1c2261a9e58032265ae47b2e79ece30ad8",
                "sha256:f00d067a08836c03646ace00baaf59697e978d2f1958b090c3a098c59221e175",
                "sha256:0a5d90f6d6ed6204e58b9d10882ef1a1193010e76e744ba39e848e8ddf96ab7a",
                "sha256:1f96aa307067766c3edfc075739e5da8c790178d98f95e033fc8e22b8f2bc920",
                "sha256:c9adaa61e1d9487c69f40561a89fc68640dba05e014ed29315b586e106a95671",
                "sha256:9d25d6d6865979a5216b5bc2b9bd913dbaff636f74411baaa3e79c708ebeafbb",
                "sha256:c4c7682551c0b10b5c6fe0e359745759bd6298ab5839d9433ad0ed820def0d40",
                "sha256:2aec0ae0c50997e1a7af3ada4983e11caf212eee73eff6876ce26cf3a5072644",
                "sha256:f96d8bd39ee85cb9e842e3c7ad8c7cfb875bebfe07d63e87ca3e3984cb2f1546",
                "sha256:6af895b45bd49254cc309ac0fe6e1595636a024953d710e01114257736184698"
            ],
            "version": "==1.1.0"
        }
    },
    "develop": {}
}
